
Microsoft Visual Studio Solution File, Format Version 12.00
# Visual Studio Version 16
VisualStudioVersion = 16.0.29613.14
MinimumVisualStudioVersion = 10.0.40219.1
Project("{FAE04EC0-301F-11D3-BF4B-00C04F79EFBC}") = "ManzanosDentalClinic", "ManzanosDentalClinic\ManzanosDentalClinic.csproj", "{922C2033-A714-4968-AFC4-8AA52C53F15B}"
EndProject
Global
	GlobalSection(SolutionConfigurationPlatforms) = preSolution
		Debug|Any CPU = Debug|Any CPU
		Release|Any CPU = Release|Any CPU
	EndGlobalSection
	GlobalSection(ProjectConfigurationPlatforms) = postSolution
		{922C2033-A714-4968-AFC4-8AA52C53F15B}.Debug|Any CPU.ActiveCfg = Debug|Any CPU
		{922C2033-A714-4968-AFC4-8AA52C53F15B}.Debug|Any CPU.Build.0 = Debug|Any CPU
		{922C2033-A714-4968-AFC4-8AA52C53F15B}.Release|Any CPU.ActiveCfg = Release|Any CPU
		{922C2033-A714-4968-AFC4-8AA52C53F15B}.Release|Any CPU.Build.0 = Release|Any CPU
	EndGlobalSection
	GlobalSection(SolutionProperties) = preSolution
		HideSolutionNode = FALSE
	EndGlobalSection
	GlobalSection(ExtensibilityGlobals) = postSolution
		SolutionGuid = {0B14A3A5-0CBF-4471-BC77-7B946EFAAF51}
	EndGlobalSection
EndGlobal
